
Microsoft Visual Studio Solution File, Format Version 12.00
# Visual Studio Version 17
VisualStudioVersion = 17.12.35527.113
MinimumVisualStudioVersion = 10.0.40219.1
Project("{FAE04EC0-301F-11D3-BF4B-00C04F79EFBC}") = "Project08_Client", "Project08_Client\Project08_Client.csproj", "{1ADB593C-975B-4A0E-8C42-2DF930512E22}"
EndProject
Project("{FAE04EC0-301F-11D3-BF4B-00C04F79EFBC}") = "Project08_Server", "Project08_Server\Project08_Server.csproj", "{44A150A3-B311-4EE4-A5B2-4AFDF60601F0}"
EndProject
Global
	GlobalSection(SolutionConfigurationPlatforms) = preSolution
		Debug|Any CPU = Debug|Any CPU
		Release|Any CPU = Release|Any CPU
	EndGlobalSection
	GlobalSection(ProjectConfigurationPlatforms) = postSolution
		{1ADB593C-975B-4A0E-8C42-2DF930512E22}.Debug|Any CPU.ActiveCfg = Debug|Any CPU
		{1ADB593C-975B-4A0E-8C42-2DF930512E22}.Debug|Any CPU.Build.0 = Debug|Any CPU
		{1ADB593C-975B-4A0E-8C42-2DF930512E22}.Release|Any CPU.ActiveCfg = Release|Any CPU
		{1ADB593C-975B-4A0E-8C42-2DF930512E22}.Release|Any CPU.Build.0 = Release|Any CPU
		{44A150A3-B311-4EE4-A5B2-4AFDF60601F0}.Debug|Any CPU.ActiveCfg = Debug|Any CPU
		{44A150A3-B311-4EE4-A5B2-4AFDF60601F0}.Debug|Any CPU.Build.0 = Debug|Any CPU
		{44A150A3-B311-4EE4-A5B2-4AFDF60601F0}.Release|Any CPU.ActiveCfg = Release|Any CPU
		{44A150A3-B311-4EE4-A5B2-4AFDF60601F0}.Release|Any CPU.Build.0 = Release|Any CPU
	EndGlobalSection
	GlobalSection(SolutionProperties) = preSolution
		HideSolutionNode = FALSE
	EndGlobalSection
	GlobalSection(ExtensibilityGlobals) = postSolution
		SolutionGuid = {6B52C294-5380-444C-AC23-3C0C806FA4EC}
	EndGlobalSection
EndGlobal
